version = 1
requires-python = ">=3.12"

[[package]]
name = "attrs"
version = "25.1.0"
source = { registry = "https://pypi.org/simple" }
sdist = { url = "https://files.pythonhosted.org/packages/49/7c/fdf464bcc51d23881d110abd74b512a42b3d5d376a55a831b44c603ae17f/attrs-25.1.0.tar.gz", hash = "sha256:1c97078a80c814273a76b2a298a932eb681c87415c11dee0a6921de7f1b02c3e", size = 810562 }
wheels = [
    { url = "https://files.pythonhosted.org/packages/fc/30/d4986a882011f9df997a55e6becd864812ccfcd821d64aac8570ee39f719/attrs-25.1.0-py3-none-any.whl", hash = "sha256:c75a69e28a550a7e93789579c22aa26b0f5b83b75dc4e08fe092980051e1090a", size = 63152 },
]

[[package]]
name = "aws-cdk-asset-awscli-v1"
version = "2.2.225"
source = { registry = "https://pypi.org/simple" }
dependencies = [
    { name = "jsii" },
    { name = "publication" },
    { name = "typeguard" },
]
sdist = { url = "https://files.pythonhosted.org/packages/f7/d8/38fcd98c0de9f50d14bc3f4bdf4c0e750a672bb2ee4c57f770db2d07e9b7/aws_cdk_asset_awscli_v1-2.2.225.tar.gz", hash = "sha256:0ac8806a17c79dc1ce1123cf4c1072ed46e1fc3210c8c750276bf0be6a821d03", size = 17839705 }
wheels = [
    { url = "https://files.pythonhosted.org/packages/0d/a3/7946d680fbb577a0550acd499b1bbc5c1dac48634729d9fe64f53876bbe4/aws_cdk.asset_awscli_v1-2.2.225-py3-none-any.whl", hash = "sha256:130bdf46f4b23802e46124ef2857dcbd945e1305938f872f205efb3dd6c1be08", size = 17838022 },
]

[[package]]
name = "aws-cdk-asset-kubectl-v20"
version = "2.1.4"
source = { registry = "https://pypi.org/simple" }
dependencies = [
    { name = "jsii" },
    { name = "publication" },
    { name = "typeguard" },
]
sdist = { url = "https://files.pythonhosted.org/packages/cf/c8/c08645a596532f668a8f2df05e39ea08e00d688919807c0b8dd360e233b5/aws_cdk_asset_kubectl_v20-2.1.4.tar.gz", hash = "sha256:c723c94c6c89283efef779ca44bea8e2e312d49b07bf5beaf6f27340e1fecff4", size = 25455889 }
wheels = [
    { url = "https://files.pythonhosted.org/packages/eb/c7/7b272bc17bdc2079423ad39639832e37d547b53e8708479ec98768a9090e/aws_cdk.asset_kubectl_v20-2.1.4-py3-none-any.whl", hash = "sha256:14a194e14adbf3868a8105b07e8714e10e6621a22beca9b4859a82a9cfbe68f6", size = 25454444 },
]

[[package]]
name = "aws-cdk-asset-node-proxy-agent-v6"
version = "2.1.0"
source = { registry = "https://pypi.org/simple" }
dependencies = [
    { name = "jsii" },
    { name = "publication" },
    { name = "typeguard" },
]
sdist = { url = "https://files.pythonhosted.org/packages/d5/ab/09ac3ecc0067988d02398328e088d66cbe8555c991563c8ddfa1db5296ae/aws_cdk_asset_node_proxy_agent_v6-2.1.0.tar.gz", hash = "sha256:1f292c0631f86708ba4ee328b3a2b229f7e46ea1c79fbde567ee9eb119c2b0e2", size = 1540231 }
wheels = [
    { url = "https://files.pythonhosted.org/packages/8d/86/1817a6da223aa80aeb94a504f07f930170284694b18f6053729e9930cc6a/aws_cdk.asset_node_proxy_agent_v6-2.1.0-py3-none-any.whl", hash = "sha256:24a388b69a44d03bae6dbf864c4e25ba650d4b61c008b4568b94ffbb9a69e40e", size = 1538724 },
]

[[package]]
name = "aws-cdk-aws-cognito-identitypool-alpha"
version = "2.35.0a0"
source = { registry = "https://pypi.org/simple" }
dependencies = [
    { name = "aws-cdk-lib" },
    { name = "constructs" },
    { name = "jsii" },
    { name = "publication" },
    { name = "typeguard" },
]
sdist = { url = "https://files.pythonhosted.org/packages/36/1f/6cfb5d475272727d5f9b1df5b467f6af404d5e5fe69c896b83275387f64a/aws-cdk.aws-cognito-identitypool-alpha-2.35.0a0.tar.gz", hash = "sha256:da2a6d8042548ca04b4294309f411cbf32c0422b4911a9f8b5877a6995bb0629", size = 97228 }
wheels = [
    { url = "https://files.pythonhosted.org/packages/25/08/8ced6a366a316b3f8e58aa56f41fe189788ad2f35ebbfab2d2c5874fddc3/aws_cdk.aws_cognito_identitypool_alpha-2.35.0a0-py3-none-any.whl", hash = "sha256:a34cdcb3230c038b3eb1aa327bb8c66df786e3a4c39729676e40e81e4f19e8c3", size = 95810 },
]

[[package]]
name = "aws-cdk-cloud-assembly-schema"
version = "38.0.1"
source = { registry = "https://pypi.org/simple" }
dependencies = [
    { name = "jsii" },
    { name = "publication" },
    { name = "typeguard" },
]
sdist = { url = "https://files.pythonhosted.org/packages/4c/a5/24a136e9d0a2d63efee0181a31d8878e3ce2a7428af416fa6d0d3ddb2347/aws_cdk_cloud_assembly_schema-38.0.1.tar.gz", hash = "sha256:7c75861adc41f7b959910d4b3b191ea242815402e599dbfa31934892838ae25e", size = 183649 }
wheels = [
    { url = "https://files.pythonhosted.org/packages/11/1c/5c45607b94c0f756e6d05ff1fc3bb6705c51b5b1e1862905cba2af818c40/aws_cdk.cloud_assembly_schema-38.0.1-py3-none-any.whl", hash = "sha256:92613b46213b460681e9424f09b77f06ff059eb1c773092540364ef82fcecf55", size = 182242 },
]

[[package]]
name = "aws-cdk-lib"
version = "2.168.0"
source = { registry = "https://pypi.org/simple" }
dependencies = [
    { name = "aws-cdk-asset-awscli-v1" },
    { name = "aws-cdk-asset-kubectl-v20" },
    { name = "aws-cdk-asset-node-proxy-agent-v6" },
    { name = "aws-cdk-cloud-assembly-schema" },
    { name = "constructs" },
    { name = "jsii" },
    { name = "publication" },
    { name = "typeguard" },
]
sdist = { url = "https://files.pythonhosted.org/packages/0c/da/3c4a773986bb9e5c97cae00fc9f1ab1b0ac6bd7f1e85535f5fc35b972f07/aws_cdk_lib-2.168.0.tar.gz", hash = "sha256:3a9a656f3d5da385ec440e770e01e4b413a8a5421c3dcaad5a68fc3bc7764bcd", size = 37347799 }
wheels = [
    { url = "https://files.pythonhosted.org/packages/ea/df/d9c573b1be5a7e66038a429539431f34a020acecf07dda547ae3064169b9/aws_cdk_lib-2.168.0-py3-none-any.whl", hash = "sha256:04869527e3b2691c1b29f8fbbcbefcf3673126bf05c7a2f533b4b406cbb6d8bf", size = 37610837 },
]

[[package]]
name = "boto3"
version = "1.24.15"
source = { registry = "https://pypi.org/simple" }
dependencies = [
    { name = "botocore" },
    { name = "jmespath" },
    { name = "s3transfer" },
]
sdist = { url = "https://files.pythonhosted.org/packages/e5/77/6b4d042d1b78e5ede332bf732ffd4082af49f4022c0885b3b8f854d1f32d/boto3-1.24.15.tar.gz", hash = "sha256:c13ef01bd6c8872e68141060bd046a3baa979e96524391efc880dfde4ed64e11", size = 104053 }
wheels = [
    { url = "https://files.pythonhosted.org/packages/39/10/eb5e02e9bdc103c558b608080de9f4efd3b3d3bc807ae3430dcb5d395615/boto3-1.24.15-py3-none-any.whl", hash = "sha256:42485c7c53eda9e49106d49a6bc222062428969dd27164fe346b1433d6de74ee", size = 132505 },
]

[[package]]
name = "boto3-stubs"
version = "1.37.4"
source = { registry = "https://pypi.org/simple" }
dependencies = [
    { name = "botocore-stubs" },
    { name = "types-s3transfer" },
]
sdist = { url = "https://files.pythonhosted.org/packages/9f/7d/6eeef4c3c788d280eb42e051db3df4d72ad4ecc42404096c78ba2d5c4f3a/boto3_stubs-1.37.4.tar.gz", hash = "sha256:35c28114e98e74b32b44792264a8fd4ee3703a0e2dd6c7168e7d4da5ebfb0e39", size = 98455 }
wheels = [
    { url = "https://files.pythonhosted.org/packages/3f/64/393166b979625898ded5f5c9e8e12b98561dc3009a203ebd4210fc802110/boto3_stubs-1.37.4-py3-none-any.whl", hash = "sha256:550a8578ca2cf5d498fd685e8ef7f018b3d16947c615f9631de093586909b56f", size = 68143 },
]

[package.optional-dependencies]
cognito-identity = [
    { name = "mypy-boto3-cognito-identity" },
]
cognito-idp = [
    { name = "mypy-boto3-cognito-idp" },
]

[[package]]
name = "botocore"
version = "1.27.96"
source = { registry = "https://pypi.org/simple" }
dependencies = [
    { name = "jmespath" },
    { name = "python-dateutil" },
    { name = "urllib3" },
]
sdist = { url = "https://files.pythonhosted.org/packages/1d/9e/c3094925ac483e295e694a54665c925f70560b5988603dca597fe099b45d/botocore-1.27.96.tar.gz", hash = "sha256:fc0a13ef6042e890e361cf408759230f8574409bb51f81740d2e5d8ad5d1fbea", size = 9498423 }
wheels = [
    { url = "https://files.pythonhosted.org/packages/f9/73/aa345e22ce21e86fa99e8dc25ab7ae4fd73eedc4c365282c82fa6ba3f66f/botocore-1.27.96-py3-none-any.whl", hash = "sha256:e41a81a18511f2f9181b2a9ab302a55c0effecccbef846c55aad0c47bfdbefb9", size = 9271496 },
]

[[package]]
name = "botocore-stubs"
version = "1.37.1"
source = { registry = "https://pypi.org/simple" }
dependencies = [
    { name = "types-awscrt" },
]
sdist = { url = "https://files.pythonhosted.org/packages/11/ab/c06cd0ccc508b334949563d3c0e0d07dcfb8d65b393891390604fb23984c/botocore_stubs-1.37.1.tar.gz", hash = "sha256:fad2ac52f815d71841c66b0d97f884376456db0cd5917d44f474ac29eef34a19", size = 41416 }
wheels = [
    { url = "https://files.pythonhosted.org/packages/3c/2e/999e44a7605db48b124812d67f7261c6c8b111547a4e25fbbc4058988c21/botocore_stubs-1.37.1-py3-none-any.whl", hash = "sha256:52119b15e1dc6f6f5d2ea714177384a37ba877fac4f14b1cf787230562a04643", size = 64259 },
]

[[package]]
name = "cattrs"
version = "24.1.2"
source = { registry = "https://pypi.org/simple" }
dependencies = [
    { name = "attrs" },
]
sdist = { url = "https://files.pythonhosted.org/packages/64/65/af6d57da2cb32c076319b7489ae0958f746949d407109e3ccf4d115f147c/cattrs-24.1.2.tar.gz", hash = "sha256:8028cfe1ff5382df59dd36474a86e02d817b06eaf8af84555441bac915d2ef85", size = 426462 }
wheels = [
    { url = "https://files.pythonhosted.org/packages/c8/d5/867e75361fc45f6de75fe277dd085627a9db5ebb511a87f27dc1396b5351/cattrs-24.1.2-py3-none-any.whl", hash = "sha256:67c7495b760168d931a10233f979b28dc04daf853b30752246f4f8471c6d68d0", size = 66446 },
]

[[package]]
name = "certifi"
version = "2025.1.31"
source = { registry = "https://pypi.org/simple" }
sdist = { url = "https://files.pythonhosted.org/packages/1c/ab/c9f1e32b7b1bf505bf26f0ef697775960db7932abeb7b516de930ba2705f/certifi-2025.1.31.tar.gz", hash = "sha256:3d5da6925056f6f18f119200434a4780a94263f10d1c21d032a6f6b2baa20651", size = 167577 }
wheels = [
    { url = "https://files.pythonhosted.org/packages/38/fc/bce832fd4fd99766c04d1ee0eead6b0ec6486fb100ae5e74c1d91292b982/certifi-2025.1.31-py3-none-any.whl", hash = "sha256:ca78db4565a652026a4db2bcdf68f2fb589ea80d0be70e03929ed730746b84fe", size = 166393 },
]

[[package]]
name = "cfgv"
version = "3.4.0"
source = { registry = "https://pypi.org/simple" }
sdist = { url = "https://files.pythonhosted.org/packages/11/74/539e56497d9bd1d484fd863dd69cbbfa653cd2aa27abfe35653494d85e94/cfgv-3.4.0.tar.gz", hash = "sha256:e52591d4c5f5dead8e0f673fb16db7949d2cfb3f7da4582893288f0ded8fe560", size = 7114 }
wheels = [
    { url = "https://files.pythonhosted.org/packages/c5/55/51844dd50c4fc7a33b653bfaba4c2456f06955289ca770a5dbd5fd267374/cfgv-3.4.0-py2.py3-none-any.whl", hash = "sha256:b7265b1f29fd3316bfcd2b330d63d024f2bfd8bcb8b0272f8e19a504856c48f9", size = 7249 },
]

[[package]]
name = "charset-normalizer"
version = "2.0.12"
source = { registry = "https://pypi.org/simple" }
sdist = { url = "https://files.pythonhosted.org/packages/56/31/7bcaf657fafb3c6db8c787a865434290b726653c912085fbd371e9b92e1c/charset-normalizer-2.0.12.tar.gz", hash = "sha256:2857e29ff0d34db842cd7ca3230549d1a697f96ee6d3fb071cfa6c7393832597", size = 79105 }
wheels = [
    { url = "https://files.pythonhosted.org/packages/06/b3/24afc8868eba069a7f03650ac750a778862dc34941a4bebeb58706715726/charset_normalizer-2.0.12-py3-none-any.whl", hash = "sha256:6881edbebdb17b39b4eaaa821b438bf6eddffb4468cf344f09f89def34a8b1df", size = 39623 },
]

[[package]]
name = "click"
version = "8.1.3"
source = { registry = "https://pypi.org/simple" }
dependencies = [
    { name = "colorama", marker = "sys_platform == 'win32'" },
]
sdist = { url = "https://files.pythonhosted.org/packages/59/87/84326af34517fca8c58418d148f2403df25303e02736832403587318e9e8/click-8.1.3.tar.gz", hash = "sha256:7682dc8afb30297001674575ea00d1814d808d6a36af415a82bd481d37ba7b8e", size = 331147 }
wheels = [
    { url = "https://files.pythonhosted.org/packages/c2/f1/df59e28c642d583f7dacffb1e0965d0e00b218e0186d7858ac5233dce840/click-8.1.3-py3-none-any.whl", hash = "sha256:bb4d8133cb15a609f44e8213d9b391b0809795062913b383c62be0ee95b1db48", size = 96588 },
]

[[package]]
name = "colorama"
version = "0.4.6"
source = { registry = "https://pypi.org/simple" }
sdist = { url = "https://files.pythonhosted.org/packages/d8/53/6f443c9a4a8358a93a6792e2acffb9d9d5cb0a5cfd8802644b7b1c9a02e4/colorama-0.4.6.tar.gz", hash = "sha256:08695f5cb7ed6e0531a20572697297273c47b8cae5a63ffc6d6ed5c201be6e44", size = 27697 }
wheels = [
    { url = "https://files.pythonhosted.org/packages/d1/d6/3965ed04c63042e047cb6a3e6ed1a63a35087b6a609aa3a15ed8ac56c221/colorama-0.4.6-py2.py3-none-any.whl", hash = "sha256:4f1d9991f5acc0ca119f9d443620b77f9d6b33703e51011c16baf57afb285fc6", size = 25335 },
]

[[package]]
name = "constructs"
version = "10.4.2"
source = { registry = "https://pypi.org/simple" }
dependencies = [
    { name = "jsii" },
    { name = "publication" },
    { name = "typeguard" },
]
sdist = { url = "https://files.pythonhosted.org/packages/46/84/f608a0a71a05a476b2f1761ab8f3f776677d39f7996ecf1092a1ce741a7c/constructs-10.4.2.tar.gz", hash = "sha256:ce54724360fffe10bab27d8a081844eb81f5ace7d7c62c84b719c49f164d5307", size = 65434 }
wheels = [
    { url = "https://files.pythonhosted.org/packages/f2/d9/c5e7458f323bf063a9a54200742f2494e2ce3c7c6873e0ff80f88033c75f/constructs-10.4.2-py3-none-any.whl", hash = "sha256:1f0f59b004edebfde0f826340698b8c34611f57848139b7954904c61645f13c1", size = 63509 },
]

[[package]]
name = "distlib"
version = "0.3.9"
source = { registry = "https://pypi.org/simple" }
sdist = { url = "https://files.pythonhosted.org/packages/0d/dd/1bec4c5ddb504ca60fc29472f3d27e8d4da1257a854e1d96742f15c1d02d/distlib-0.3.9.tar.gz", hash = "sha256:a60f20dea646b8a33f3e7772f74dc0b2d0772d2837ee1342a00645c81edf9403", size = 613923 }
wheels = [
    { url = "https://files.pythonhosted.org/packages/91/a1/cf2472db20f7ce4a6be1253a81cfdf85ad9c7885ffbed7047fb72c24cf87/distlib-0.3.9-py2.py3-none-any.whl", hash = "sha256:47f8c22fd27c27e25a65601af709b38e4f0a45ea4fc2e710f65755fa8caaaf87", size = 468973 },
]

[[package]]
name = "filelock"
version = "3.17.0"
source = { registry = "https://pypi.org/simple" }
sdist = { url = "https://files.pythonhosted.org/packages/dc/9c/0b15fb47b464e1b663b1acd1253a062aa5feecb07d4e597daea542ebd2b5/filelock-3.17.0.tar.gz", hash = "sha256:ee4e77401ef576ebb38cd7f13b9b28893194acc20a8e68e18730ba9c0e54660e", size = 18027 }
wheels = [
    { url = "https://files.pythonhosted.org/packages/89/ec/00d68c4ddfedfe64159999e5f8a98fb8442729a63e2077eb9dcd89623d27/filelock-3.17.0-py3-none-any.whl", hash = "sha256:533dc2f7ba78dc2f0f531fc6c4940addf7b70a481e269a5a3b93be94ffbe8338", size = 16164 },
]

[[package]]
name = "flake8"
version = "4.0.1"
source = { registry = "https://pypi.org/simple" }
dependencies = [
    { name = "mccabe" },
    { name = "pycodestyle" },
    { name = "pyflakes" },
]
sdist = { url = "https://files.pythonhosted.org/packages/e6/84/d8db922289195c435779b4ca3a3f583f263f87e67954f7b2e83c8da21f48/flake8-4.0.1.tar.gz", hash = "sha256:806e034dda44114815e23c16ef92f95c91e4c71100ff52813adf7132a6ad870d", size = 154905 }
wheels = [
    { url = "https://files.pythonhosted.org/packages/34/39/cde2c8a227abb4f9ce62fe55586b920f438f1d2903a1a22514d0b982c333/flake8-4.0.1-py2.py3-none-any.whl", hash = "sha256:479b1304f72536a55948cb40a32dce8bb0ffe3501e26eaf292c7e60eb5e0428d", size = 64091 },
]

[[package]]
name = "identify"
version = "2.6.8"
source = { registry = "https://pypi.org/simple" }
sdist = { url = "https://files.pythonhosted.org/packages/f9/fa/5eb460539e6f5252a7c5a931b53426e49258cde17e3d50685031c300a8fd/identify-2.6.8.tar.gz", hash = "sha256:61491417ea2c0c5c670484fd8abbb34de34cdae1e5f39a73ee65e48e4bb663fc", size = 99249 }
wheels = [
    { url = "https://files.pythonhosted.org/packages/78/8c/4bfcab2d8286473b8d83ea742716f4b79290172e75f91142bc1534b05b9a/identify-2.6.8-py2.py3-none-any.whl", hash = "sha256:83657f0f766a3c8d0eaea16d4ef42494b39b34629a4b3192a9d020d349b3e255", size = 99109 },
]

[[package]]
name = "idna"
version = "3.10"
source = { registry = "https://pypi.org/simple" }
sdist = { url = "https://files.pythonhosted.org/packages/f1/70/7703c29685631f5a7590aa73f1f1d3fa9a380e654b86af429e0934a32f7d/idna-3.10.tar.gz", hash = "sha256:12f65c9b470abda6dc35cf8e63cc574b1c52b11df2c86030af0ac09b01b13ea9", size = 190490 }
wheels = [
    { url = "https://files.pythonhosted.org/packages/76/c6/c88e154df9c4e1a2a66ccf0005a88dfb2650c1dffb6f5ce603dfbd452ce3/idna-3.10-py3-none-any.whl", hash = "sha256:946d195a0d259cbba61165e88e65941f16e9b36ea6ddb97f00452bae8b1287d3", size = 70442 },
]

[[package]]
name = "importlib-resources"
version = "6.5.2"
source = { registry = "https://pypi.org/simple" }
sdist = { url = "https://files.pythonhosted.org/packages/cf/8c/f834fbf984f691b4f7ff60f50b514cc3de5cc08abfc3295564dd89c5e2e7/importlib_resources-6.5.2.tar.gz", hash = "sha256:185f87adef5bcc288449d98fb4fba07cea78bc036455dd44c5fc4a2fe78fed2c", size = 44693 }
wheels = [
    { url = "https://files.pythonhosted.org/packages/a4/ed/1f1afb2e9e7f38a545d628f864d562a5ae64fe6f7a10e28ffb9b185b4e89/importlib_resources-6.5.2-py3-none-any.whl", hash = "sha256:789cfdc3ed28c78b67a06acb8126751ced69a3d5f79c095a98298cd8a760ccec", size = 37461 },
]

[[package]]
name = "jmespath"
version = "1.0.1"
source = { registry = "https://pypi.org/simple" }
sdist = { url = "https://files.pythonhosted.org/packages/00/2a/e867e8531cf3e36b41201936b7fa7ba7b5702dbef42922193f05c8976cd6/jmespath-1.0.1.tar.gz", hash = "sha256:90261b206d6defd58fdd5e85f478bf633a2901798906be2ad389150c5c60edbe", size = 25843 }
wheels = [
    { url = "https://files.pythonhosted.org/packages/31/b4/b9b800c45527aadd64d5b442f9b932b00648617eb5d63d2c7a6587b7cafc/jmespath-1.0.1-py3-none-any.whl", hash = "sha256:02e2e4cc71b5bcab88332eebf907519190dd9e6e82107fa7f83b1003a6252980", size = 20256 },
]

[[package]]
name = "jsii"
version = "1.108.0"
source = { registry = "https://pypi.org/simple" }
dependencies = [
    { name = "attrs" },
    { name = "cattrs" },
    { name = "importlib-resources" },
    { name = "publication" },
    { name = "python-dateutil" },
    { name = "typeguard" },
    { name = "typing-extensions" },
]
sdist = { url = "https://files.pythonhosted.org/packages/9e/05/c975f7157ff0ee03b94274905494253f36fbca019cca6a390ce7f94e1760/jsii-1.108.0.tar.gz", hash = "sha256:f1053a414ac117c6ecae7208c5ca4cb6d10ca3420c69e30f8b9cca64cc37e61b", size = 581660 }
wheels = [
    { url = "https://files.pythonhosted.org/packages/a8/a9/02a69ba6ebcaa06e92e4fe9c1c19981be468fc24b0974983bc819e45eae4/jsii-1.108.0-py3-none-any.whl", hash = "sha256:d6c99671ab44520069ad6198e3b07379ae9c075bcb53b8a16455c1beb10288ea", size = 558058 },
]

[[package]]
name = "maap-stac-auth"
version = "0.1.0"
source = { virtual = "." }
dependencies = [
    { name = "aws-cdk-aws-cognito-identitypool-alpha" },
    { name = "aws-cdk-lib" },
    { name = "boto3" },
    { name = "boto3-stubs", extra = ["cognito-identity", "cognito-idp"] },
    { name = "click" },
    { name = "constructs" },
    { name = "flake8" },
    { name = "pydantic" },
    { name = "python-dotenv" },
    { name = "requests" },
]

[package.dev-dependencies]
dev = [
    { name = "mypy" },
    { name = "pre-commit" },
    { name = "ruff" },
]

[package.metadata]
requires-dist = [
    { name = "aws-cdk-aws-cognito-identitypool-alpha", specifier = "==2.35.0a0" },
    { name = "aws-cdk-lib", specifier = "==2.168.0" },
    { name = "boto3", specifier = "==1.24.15" },
    { name = "boto3-stubs", extras = ["cognito-identity", "cognito-idp"], specifier = ">=1.37.4" },
    { name = "click", specifier = "==8.1.3" },
    { name = "constructs", specifier = ">=10.0.0,<11.0.0" },
    { name = "flake8", specifier = "==4.0.1" },
    { name = "pydantic", specifier = "==1.9.1" },
    { name = "python-dotenv", specifier = "==1.0.0" },
    { name = "requests", specifier = "==2.28.0" },
]

[package.metadata.requires-dev]
dev = [
    { name = "mypy", specifier = "==1.15.0" },
    { name = "pre-commit", specifier = ">=4.1.0" },
    { name = "ruff", specifier = ">=0.9.9" },
]

[[package]]
name = "mccabe"
version = "0.6.1"
source = { registry = "https://pypi.org/simple" }
sdist = { url = "https://files.pythonhosted.org/packages/06/18/fa675aa501e11d6d6ca0ae73a101b2f3571a565e0f7d38e062eec18a91ee/mccabe-0.6.1.tar.gz", hash = "sha256:dd8d182285a0fe56bace7f45b5e7d1a6ebcbf524e8f3bd87eb0f125271b8831f", size = 8612 }
wheels = [
    { url = "https://files.pythonhosted.org/packages/87/89/479dc97e18549e21354893e4ee4ef36db1d237534982482c3681ee6e7b57/mccabe-0.6.1-py2.py3-none-any.whl", hash = "sha256:ab8a6258860da4b6677da4bd2fe5dc2c659cff31b3ee4f7f5d64e79735b80d42", size = 8556 },
]

[[package]]
name = "mypy"
version = "1.15.0"
source = { registry = "https://pypi.org/simple" }
dependencies = [
    { name = "mypy-extensions" },
    { name = "typing-extensions" },
]
sdist = { url = "https://files.pythonhosted.org/packages/ce/43/d5e49a86afa64bd3839ea0d5b9c7103487007d728e1293f52525d6d5486a/mypy-1.15.0.tar.gz", hash = "sha256:404534629d51d3efea5c800ee7c42b72a6554d6c400e6a79eafe15d11341fd43", size = 3239717 }
wheels = [
    { url = "https://files.pythonhosted.org/packages/98/3a/03c74331c5eb8bd025734e04c9840532226775c47a2c39b56a0c8d4f128d/mypy-1.15.0-cp312-cp312-macosx_10_13_x86_64.whl", hash = "sha256:aea39e0583d05124836ea645f412e88a5c7d0fd77a6d694b60d9b6b2d9f184fd", size = 10793981 },
    { url = "https://files.pythonhosted.org/packages/f0/1a/41759b18f2cfd568848a37c89030aeb03534411eef981df621d8fad08a1d/mypy-1.15.0-cp312-cp312-macosx_11_0_arm64.whl", hash = "sha256:2f2147ab812b75e5b5499b01ade1f4a81489a147c01585cda36019102538615f", size = 9749175 },
    { url = "https://files.pythonhosted.org/packages/12/7e/873481abf1ef112c582db832740f4c11b2bfa510e829d6da29b0ab8c3f9c/mypy-1.15.0-cp312-cp312-manylinux_2_17_aarch64.manylinux2014_aarch64.manylinux_2_28_aarch64.whl", hash = "sha256:ce436f4c6d218a070048ed6a44c0bbb10cd2cc5e272b29e7845f6a2f57ee4464", size = 11455675 },
    { url = "https://files.pythonhosted.org/packages/b3/d0/92ae4cde706923a2d3f2d6c39629134063ff64b9dedca9c1388363da072d/mypy-1.15.0-cp312-cp312-manylinux_2_17_x86_64.manylinux2014_x86_64.manylinux_2_28_x86_64.whl", hash = "sha256:8023ff13985661b50a5928fc7a5ca15f3d1affb41e5f0a9952cb68ef090b31ee", size = 12410020 },
    { url = "https://files.pythonhosted.org/packages/46/8b/df49974b337cce35f828ba6fda228152d6db45fed4c86ba56ffe442434fd/mypy-1.15.0-cp312-cp312-musllinux_1_2_x86_64.whl", hash = "sha256:1124a18bc11a6a62887e3e137f37f53fbae476dc36c185d549d4f837a2a6a14e", size = 12498582 },
    { url = "https://files.pythonhosted.org/packages/13/50/da5203fcf6c53044a0b699939f31075c45ae8a4cadf538a9069b165c1050/mypy-1.15.0-cp312-cp312-win_amd64.whl", hash = "sha256:171a9ca9a40cd1843abeca0e405bc1940cd9b305eaeea2dda769ba096932bb22", size = 9366614 },
    { url = "https://files.pythonhosted.org/packages/6a/9b/fd2e05d6ffff24d912f150b87db9e364fa8282045c875654ce7e32fffa66/mypy-1.15.0-cp313-cp313-macosx_10_13_x86_64.whl", hash = "sha256:93faf3fdb04768d44bf28693293f3904bbb555d076b781ad2530214ee53e3445", size = 10788592 },
    { url = "https://files.pythonhosted.org/packages/74/37/b246d711c28a03ead1fd906bbc7106659aed7c089d55fe40dd58db812628/mypy-1.15.0-cp313-cp313-macosx_11_0_arm64.whl", hash = "sha256:811aeccadfb730024c5d3e326b2fbe9249bb7413553f15499a4050f7c30e801d", size = 9753611 },
    { url = "https://files.pythonhosted.org/packages/a6/ac/395808a92e10cfdac8003c3de9a2ab6dc7cde6c0d2a4df3df1b815ffd067/mypy-1.15.0-cp313-cp313-manylinux_2_17_aarch64.manylinux2014_aarch64.manylinux_2_28_aarch64.whl", hash = "sha256:98b7b9b9aedb65fe628c62a6dc57f6d5088ef2dfca37903a7d9ee374d03acca5", size = 11438443 },
    { url = "https://files.pythonhosted.org/packages/d2/8b/801aa06445d2de3895f59e476f38f3f8d610ef5d6908245f07d002676cbf/mypy-1.15.0-cp313-cp313-manylinux_2_17_x86_64.manylinux2014_x86_64.manylinux_2_28_x86_64.whl", hash = "sha256:c43a7682e24b4f576d93072216bf56eeff70d9140241f9edec0c104d0c515036", size = 12402541 },
    { url = "https://files.pythonhosted.org/packages/c7/67/5a4268782eb77344cc613a4cf23540928e41f018a9a1ec4c6882baf20ab8/mypy-1.15.0-cp313-cp313-musllinux_1_2_x86_64.whl", hash = "sha256:baefc32840a9f00babd83251560e0ae1573e2f9d1b067719479bfb0e987c6357", size = 12494348 },
    { url = "https://files.pythonhosted.org/packages/83/3e/57bb447f7bbbfaabf1712d96f9df142624a386d98fb026a761532526057e/mypy-1.15.0-cp313-cp313-win_amd64.whl", hash = "sha256:b9378e2c00146c44793c98b8d5a61039a048e31f429fb0eb546d93f4b000bedf", size = 9373648 },
    { url = "https://files.pythonhosted.org/packages/09/4e/a7d65c7322c510de2c409ff3828b03354a7c43f5a8ed458a7a131b41c7b9/mypy-1.15.0-py3-none-any.whl", hash = "sha256:5469affef548bd1895d86d3bf10ce2b44e33d86923c29e4d675b3e323437ea3e", size = 2221777 },
]

[[package]]
name = "mypy-boto3-cognito-identity"
version = "1.37.0"
source = { registry = "https://pypi.org/simple" }
sdist = { url = "https://files.pythonhosted.org/packages/9b/a3/2a909c7a834ee15d168f7f39b428b2accc8485b56d5e11b0ee1515bcdba2/mypy_boto3_cognito_identity-1.37.0.tar.gz", hash = "sha256:30ad7546e22065fa32f2fbd9587144263912b094b3a8a8d7be6f460a3b77407e", size = 19455 }
wheels = [
    { url = "https://files.pythonhosted.org/packages/55/56/21646d541345814320f72b2254bd875bf1752e0964f40a4c45dcda66481c/mypy_boto3_cognito_identity-1.37.0-py3-none-any.whl", hash = "sha256:028454b1ae73a53f0f6247317de953ae00f62e9c88325833cfeb476bfdc87c33", size = 26338 },
]

[[package]]
name = "mypy-boto3-cognito-idp"
version = "1.37.0"
source = { registry = "https://pypi.org/simple" }
sdist = { url = "https://files.pythonhosted.org/packages/b1/87/a0efb42f9302907c1b41088d8e00dd5c9dfee2dbf0f149c0fbffd420f754/mypy_boto3_cognito_idp-1.37.0.tar.gz", hash = "sha256:235b702ad26a394b8703e8243b39911abec6b8343a1ac61078019e5fd6557fc7", size = 50349 }
wheels = [
    { url = "https://files.pythonhosted.org/packages/fc/7e/cf920b95ab883ed64b4cb84f16e38cf38be6382b3f5d4e8f67cdbc077dc8/mypy_boto3_cognito_idp-1.37.0-py3-none-any.whl", hash = "sha256:0fab337d6d5a9e4115e81283c19a2893b31da76c9bfb36b8a71d02e89a3ae8d3", size = 56011 },
]

[[package]]
name = "mypy-extensions"
version = "1.0.0"
source = { registry = "https://pypi.org/simple" }
sdist = { url = "https://files.pythonhosted.org/packages/98/a4/1ab47638b92648243faf97a5aeb6ea83059cc3624972ab6b8d2316078d3f/mypy_extensions-1.0.0.tar.gz", hash = "sha256:75dbf8955dc00442a438fc4d0666508a9a97b6bd41aa2f0ffe9d2f2725af0782", size = 4433 }
wheels = [
    { url = "https://files.pythonhosted.org/packages/2a/e2/5d3f6ada4297caebe1a2add3b126fe800c96f56dbe5d1988a2cbe0b267aa/mypy_extensions-1.0.0-py3-none-any.whl", hash = "sha256:4392f6c0eb8a5668a69e23d168ffa70f0be9ccfd32b5cc2d26a34ae5b844552d", size = 4695 },
]

[[package]]
name = "nodeenv"
version = "1.9.1"
source = { registry = "https://pypi.org/simple" }
sdist = { url = "https://files.pythonhosted.org/packages/43/16/fc88b08840de0e0a72a2f9d8c6bae36be573e475a6326ae854bcc549fc45/nodeenv-1.9.1.tar.gz", hash = "sha256:6ec12890a2dab7946721edbfbcd91f3319c6ccc9aec47be7c7e6b7011ee6645f", size = 47437 }
wheels = [
    { url = "https://files.pythonhosted.org/packages/d2/1d/1b658dbd2b9fa9c4c9f32accbfc0205d532c8c6194dc0f2a4c0428e7128a/nodeenv-1.9.1-py2.py3-none-any.whl", hash = "sha256:ba11c9782d29c27c70ffbdda2d7415098754709be8a7056d79a737cd901155c9", size = 22314 },
]

[[package]]
name = "platformdirs"
version = "4.3.6"
source = { registry = "https://pypi.org/simple" }
sdist = { url = "https://files.pythonhosted.org/packages/13/fc/128cc9cb8f03208bdbf93d3aa862e16d376844a14f9a0ce5cf4507372de4/platformdirs-4.3.6.tar.gz", hash = "sha256:357fb2acbc885b0419afd3ce3ed34564c13c9b95c89360cd9563f73aa5e2b907", size = 21302 }
wheels = [
    { url = "https://files.pythonhosted.org/packages/3c/a6/bc1012356d8ece4d66dd75c4b9fc6c1f6650ddd5991e421177d9f8f671be/platformdirs-4.3.6-py3-none-any.whl", hash = "sha256:73e575e1408ab8103900836b97580d5307456908a03e92031bab39e4554cc3fb", size = 18439 },
]

[[package]]
name = "pre-commit"
version = "4.1.0"
source = { registry = "https://pypi.org/simple" }
dependencies = [
    { name = "cfgv" },
    { name = "identify" },
    { name = "nodeenv" },
    { name = "pyyaml" },
    { name = "virtualenv" },
]
sdist = { url = "https://files.pythonhosted.org/packages/2a/13/b62d075317d8686071eb843f0bb1f195eb332f48869d3c31a4c6f1e063ac/pre_commit-4.1.0.tar.gz", hash = "sha256:ae3f018575a588e30dfddfab9a05448bfbd6b73d78709617b5a2b853549716d4", size = 193330 }
wheels = [
    { url = "https://files.pythonhosted.org/packages/43/b3/df14c580d82b9627d173ceea305ba898dca135feb360b6d84019d0803d3b/pre_commit-4.1.0-py2.py3-none-any.whl", hash = "sha256:d29e7cb346295bcc1cc75fc3e92e343495e3ea0196c9ec6ba53f49f10ab6ae7b", size = 220560 },
]

[[package]]
name = "publication"
version = "0.0.3"
source = { registry = "https://pypi.org/simple" }
sdist = { url = "https://files.pythonhosted.org/packages/6b/8e/8c9fe7e32fdf9c386f83d59610cc819a25dadb874b5920f2d0ef7d35f46d/publication-0.0.3.tar.gz", hash = "sha256:68416a0de76dddcdd2930d1c8ef853a743cc96c82416c4e4d3b5d901c6276dc4", size = 5484 }
wheels = [
    { url = "https://files.pythonhosted.org/packages/f8/d3/6308debad7afcdb3ea5f50b4b3d852f41eb566a311fbcb4da23755a28155/publication-0.0.3-py2.py3-none-any.whl", hash = "sha256:0248885351febc11d8a1098d5c8e3ab2dabcf3e8c0c96db1e17ecd12b53afbe6", size = 7687 },
]

[[package]]
name = "pycodestyle"
version = "2.8.0"
source = { registry = "https://pypi.org/simple" }
sdist = { url = "https://files.pythonhosted.org/packages/08/dc/b29daf0a202b03f57c19e7295b60d1d5e1281c45a6f5f573e41830819918/pycodestyle-2.8.0.tar.gz", hash = "sha256:eddd5847ef438ea1c7870ca7eb78a9d47ce0cdb4851a5523949f2601d0cbbe7f", size = 102299 }
wheels = [
    { url = "https://files.pythonhosted.org/packages/15/94/bc43a2efb7b8615e38acde2b6624cae8c9ec86faf718ff5676c5179a7714/pycodestyle-2.8.0-py2.py3-none-any.whl", hash = "sha256:720f8b39dde8b293825e7ff02c475f3077124006db4f440dcbc9a20b76548a20", size = 42112 },
]

[[package]]
name = "pydantic"
version = "1.9.1"
source = { registry = "https://pypi.org/simple" }
dependencies = [
    { name = "typing-extensions" },
]
sdist = { url = "https://files.pythonhosted.org/packages/d0/a5/e4a25a0becf35530a3d90459a88855743e942f2e502da49ca5b10aa78568/pydantic-1.9.1.tar.gz", hash = "sha256:1ed987c3ff29fff7fd8c3ea3a3ea877ad310aae2ef9889a119e22d3f2db0691a", size = 306846 }
wheels = [
    { url = "https://files.pythonhosted.org/packages/f3/88/78666bfe38d3a8aee75fbd2410ac6e26dfdd64585323c07648f387817c76/pydantic-1.9.1-py3-none-any.whl", hash = "sha256:4988c0f13c42bfa9ddd2fe2f569c9d54646ce84adc5de84228cfe83396f3bd58", size = 142865 },
]

[[package]]
name = "pyflakes"
version = "2.4.0"
source = { registry = "https://pypi.org/simple" }
sdist = { url = "https://files.pythonhosted.org/packages/15/60/c577e54518086e98470e9088278247f4af1d39cb43bcbd731e2c307acd6a/pyflakes-2.4.0.tar.gz", hash = "sha256:05a85c2872edf37a4ed30b0cce2f6093e1d0581f8c19d7393122da7e25b2b24c", size = 69101 }
wheels = [
    { url = "https://files.pythonhosted.org/packages/43/fb/38848eb494af7df9aeb2d7673ace8b213313eb7e391691a79dbaeb6a838f/pyflakes-2.4.0-py2.py3-none-any.whl", hash = "sha256:3bb3a3f256f4b7968c9c788781e4ff07dce46bdf12339dcda61053375426ee2e", size = 69704 },
]

[[package]]
name = "python-dateutil"
version = "2.9.0.post0"
source = { registry = "https://pypi.org/simple" }
dependencies = [
    { name = "six" },
]
sdist = { url = "https://files.pythonhosted.org/packages/66/c0/0c8b6ad9f17a802ee498c46e004a0eb49bc148f2fd230864601a86dcf6db/python-dateutil-2.9.0.post0.tar.gz", hash = "sha256:37dd54208da7e1cd875388217d5e00ebd4179249f90fb72437e91a35459a0ad3", size = 342432 }
wheels = [
    { url = "https://files.pythonhosted.org/packages/ec/57/56b9bcc3c9c6a792fcbaf139543cee77261f3651ca9da0c93f5c1221264b/python_dateutil-2.9.0.post0-py2.py3-none-any.whl", hash = "sha256:a8b2bc7bffae282281c8140a97d3aa9c14da0b136dfe83f850eea9a5f7470427", size = 229892 },
]

[[package]]
name = "python-dotenv"
version = "1.0.0"
source = { registry = "https://pypi.org/simple" }
sdist = { url = "https://files.pythonhosted.org/packages/31/06/1ef763af20d0572c032fa22882cfbfb005fba6e7300715a37840858c919e/python-dotenv-1.0.0.tar.gz", hash = "sha256:a8df96034aae6d2d50a4ebe8216326c61c3eb64836776504fcca410e5937a3ba", size = 37399 }
wheels = [
    { url = "https://files.pythonhosted.org/packages/44/2f/62ea1c8b593f4e093cc1a7768f0d46112107e790c3e478532329e434f00b/python_dotenv-1.0.0-py3-none-any.whl", hash = "sha256:f5971a9226b701070a4bf2c38c89e5a3f0d64de8debda981d1db98583009122a", size = 19482 },
]

[[package]]
name = "pyyaml"
version = "6.0.2"
source = { registry = "https://pypi.org/simple" }
sdist = { url = "https://files.pythonhosted.org/packages/54/ed/79a089b6be93607fa5cdaedf301d7dfb23af5f25c398d5ead2525b063e17/pyyaml-6.0.2.tar.gz", hash = "sha256:d584d9ec91ad65861cc08d42e834324ef890a082e591037abe114850ff7bbc3e", size = 130631 }
wheels = [
    { url = "https://files.pythonhosted.org/packages/86/0c/c581167fc46d6d6d7ddcfb8c843a4de25bdd27e4466938109ca68492292c/PyYAML-6.0.2-cp312-cp312-macosx_10_9_x86_64.whl", hash = "sha256:c70c95198c015b85feafc136515252a261a84561b7b1d51e3384e0655ddf25ab", size = 183873 },
    { url = "https://files.pythonhosted.org/packages/a8/0c/38374f5bb272c051e2a69281d71cba6fdb983413e6758b84482905e29a5d/PyYAML-6.0.2-cp312-cp312-macosx_11_0_arm64.whl", hash = "sha256:ce826d6ef20b1bc864f0a68340c8b3287705cae2f8b4b1d932177dcc76721725", size = 173302 },
    { url = "https://files.pythonhosted.org/packages/c3/93/9916574aa8c00aa06bbac729972eb1071d002b8e158bd0e83a3b9a20a1f7/PyYAML-6.0.2-cp312-cp312-manylinux_2_17_aarch64.manylinux2014_aarch64.whl", hash = "sha256:1f71ea527786de97d1a0cc0eacd1defc0985dcf6b3f17bb77dcfc8c34bec4dc5", size = 739154 },
    { url = "https://files.pythonhosted.org/packages/95/0f/b8938f1cbd09739c6da569d172531567dbcc9789e0029aa070856f123984/PyYAML-6.0.2-cp312-cp312-manylinux_2_17_s390x.manylinux2014_s390x.whl", hash = "sha256:9b22676e8097e9e22e36d6b7bda33190d0d400f345f23d4065d48f4ca7ae0425", size = 766223 },
    { url = "https://files.pythonhosted.org/packages/b9/2b/614b4752f2e127db5cc206abc23a8c19678e92b23c3db30fc86ab731d3bd/PyYAML-6.0.2-cp312-cp312-manylinux_2_17_x86_64.manylinux2014_x86_64.whl", hash = "sha256:80bab7bfc629882493af4aa31a4cfa43a4c57c83813253626916b8c7ada83476", size = 767542 },
    { url = "https://files.pythonhosted.org/packages/d4/00/dd137d5bcc7efea1836d6264f049359861cf548469d18da90cd8216cf05f/PyYAML-6.0.2-cp312-cp312-musllinux_1_1_aarch64.whl", hash = "sha256:0833f8694549e586547b576dcfaba4a6b55b9e96098b36cdc7ebefe667dfed48", size = 731164 },
    { url = "https://files.pythonhosted.org/packages/c9/1f/4f998c900485e5c0ef43838363ba4a9723ac0ad73a9dc42068b12aaba4e4/PyYAML-6.0.2-cp312-cp312-musllinux_1_1_x86_64.whl", hash = "sha256:8b9c7197f7cb2738065c481a0461e50ad02f18c78cd75775628afb4d7137fb3b", size = 756611 },
    { url = "https://files.pythonhosted.org/packages/df/d1/f5a275fdb252768b7a11ec63585bc38d0e87c9e05668a139fea92b80634c/PyYAML-6.0.2-cp312-cp312-win32.whl", hash = "sha256:ef6107725bd54b262d6dedcc2af448a266975032bc85ef0172c5f059da6325b4", size = 140591 },
    { url = "https://files.pythonhosted.org/packages/0c/e8/4f648c598b17c3d06e8753d7d13d57542b30d56e6c2dedf9c331ae56312e/PyYAML-6.0.2-cp312-cp312-win_amd64.whl", hash = "sha256:7e7401d0de89a9a855c839bc697c079a4af81cf878373abd7dc625847d25cbd8", size = 156338 },
    { url = "https://files.pythonhosted.org/packages/ef/e3/3af305b830494fa85d95f6d95ef7fa73f2ee1cc8ef5b495c7c3269fb835f/PyYAML-6.0.2-cp313-cp313-macosx_10_13_x86_64.whl", hash = "sha256:efdca5630322a10774e8e98e1af481aad470dd62c3170801852d752aa7a783ba", size = 181309 },
    { url = "https://files.pythonhosted.org/packages/45/9f/3b1c20a0b7a3200524eb0076cc027a970d320bd3a6592873c85c92a08731/PyYAML-6.0.2-cp313-cp313-macosx_11_0_arm64.whl", hash = "sha256:50187695423ffe49e2deacb8cd10510bc361faac997de9efef88badc3bb9e2d1", size = 171679 },
    { url = "https://files.pythonhosted.org/packages/7c/9a/337322f27005c33bcb656c655fa78325b730324c78620e8328ae28b64d0c/PyYAML-6.0.2-cp313-cp313-manylinux_2_17_aarch64.manylinux2014_aarch64.whl", hash = "sha256:0ffe8360bab4910ef1b9e87fb812d8bc0a308b0d0eef8c8f44e0254ab3b07133", size = 733428 },
    { url = "https://files.pythonhosted.org/packages/a3/69/864fbe19e6c18ea3cc196cbe5d392175b4cf3d5d0ac1403ec3f2d237ebb5/PyYAML-6.0.2-cp313-cp313-manylinux_2_17_s390x.manylinux2014_s390x.whl", hash = "sha256:17e311b6c678207928d649faa7cb0d7b4c26a0ba73d41e99c4fff6b6c3276484", size = 763361 },
    { url = "https://files.pythonhosted.org/packages/04/24/b7721e4845c2f162d26f50521b825fb061bc0a5afcf9a386840f23ea19fa/PyYAML-6.0.2-cp313-cp313-manylinux_2_17_x86_64.manylinux2014_x86_64.whl", hash = "sha256:70b189594dbe54f75ab3a1acec5f1e3faa7e8cf2f1e08d9b561cb41b845f69d5", size = 759523 },
    { url = "https://files.pythonhosted.org/packages/2b/b2/e3234f59ba06559c6ff63c4e10baea10e5e7df868092bf9ab40e5b9c56b6/PyYAML-6.0.2-cp313-cp313-musllinux_1_1_aarch64.whl", hash = "sha256:41e4e3953a79407c794916fa277a82531dd93aad34e29c2a514c2c0c5fe971cc", size = 726660 },
    { url = "https://files.pythonhosted.org/packages/fe/0f/25911a9f080464c59fab9027482f822b86bf0608957a5fcc6eaac85aa515/PyYAML-6.0.2-cp313-cp313-musllinux_1_1_x86_64.whl", hash = "sha256:68ccc6023a3400877818152ad9a1033e3db8625d899c72eacb5a668902e4d652", size = 751597 },
    { url = "https://files.pythonhosted.org/packages/14/0d/e2c3b43bbce3cf6bd97c840b46088a3031085179e596d4929729d8d68270/PyYAML-6.0.2-cp313-cp313-win32.whl", hash = "sha256:bc2fa7c6b47d6bc618dd7fb02ef6fdedb1090ec036abab80d4681424b84c1183", size = 140527 },
    { url = "https://files.pythonhosted.org/packages/fa/de/02b54f42487e3d3c6efb3f89428677074ca7bf43aae402517bc7cca949f3/PyYAML-6.0.2-cp313-cp313-win_amd64.whl", hash = "sha256:8388ee1976c416731879ac16da0aff3f63b286ffdd57cdeb95f3f2e085687563", size = 156446 },
]

[[package]]
name = "requests"
version = "2.28.0"
source = { registry = "https://pypi.org/simple" }
dependencies = [
    { name = "certifi" },
    { name = "charset-normalizer" },
    { name = "idna" },
    { name = "urllib3" },
]
sdist = { url = "https://files.pythonhosted.org/packages/e9/23/384d9953bb968731212dc37af87cb75a885dc48e0615bd6a303577c4dc4b/requests-2.28.0.tar.gz", hash = "sha256:d568723a7ebd25875d8d1eaf5dfa068cd2fc8194b2e483d7b1f7c81918dbec6b", size = 109748 }
wheels = [
    { url = "https://files.pythonhosted.org/packages/41/5b/2209eba8133fc081d3ffff02e1f6376e3117e52bb16f674721a83e67e68e/requests-2.28.0-py3-none-any.whl", hash = "sha256:bc7861137fbce630f17b03d3ad02ad0bf978c844f3536d0edda6499dafce2b6f", size = 62849 },
]

[[package]]
name = "ruff"
version = "0.9.9"
source = { registry = "https://pypi.org/simple" }
sdist = { url = "https://files.pythonhosted.org/packages/6f/c3/418441a8170e8d53d05c0b9dad69760dbc7b8a12c10dbe6db1e1205d2377/ruff-0.9.9.tar.gz", hash = "sha256:0062ed13f22173e85f8f7056f9a24016e692efeea8704d1a5e8011b8aa850933", size = 3717448 }
wheels = [
    { url = "https://files.pythonhosted.org/packages/bc/c3/2c4afa9ba467555d074b146d9aed0633a56ccdb900839fb008295d037b89/ruff-0.9.9-py3-none-linux_armv6l.whl", hash = "sha256:628abb5ea10345e53dff55b167595a159d3e174d6720bf19761f5e467e68d367", size = 10027252 },
    { url = "https://files.pythonhosted.org/packages/33/d1/439e58487cf9eac26378332e25e7d5ade4b800ce1eec7dc2cfc9b0d7ca96/ruff-0.9.9-py3-none-macosx_10_12_x86_64.whl", hash = "sha256:b6cd1428e834b35d7493354723543b28cc11dc14d1ce19b685f6e68e07c05ec7", size = 10840721 },
    { url = "https://files.pythonhosted.org/packages/50/44/fead822c38281ba0122f1b76b460488a175a9bd48b130650a6fb6dbcbcf9/ruff-0.9.9-py3-none-macosx_11_0_arm64.whl", hash = "sha256:5ee162652869120ad260670706f3cd36cd3f32b0c651f02b6da142652c54941d", size = 10161439 },
    { url = "https://files.pythonhosted.org/packages/11/ae/d404a2ab8e61ddf6342e09cc6b7f7846cce6b243e45c2007dbe0ca928a5d/ruff-0.9.9-py3-none-manylinux_2_17_aarch64.manylinux2014_aarch64.whl", hash = "sha256:3aa0f6b75082c9be1ec5a1db78c6d4b02e2375c3068438241dc19c7c306cc61a", size = 10336264 },
    { url = "https://files.pythonhosted.org/packages/6a/4e/7c268aa7d84cd709fb6f046b8972313142cffb40dfff1d2515c5e6288d54/ruff-0.9.9-py3-none-manylinux_2_17_armv7l.manylinux2014_armv7l.whl", hash = "sha256:584cc66e89fb5f80f84b05133dd677a17cdd86901d6479712c96597a3f28e7fe", size = 9908774 },
    { url = "https://files.pythonhosted.org/packages/cc/26/c618a878367ef1b76270fd027ca93692657d3f6122b84ba48911ef5f2edc/ruff-0.9.9-py3-none-manylinux_2_17_i686.manylinux2014_i686.whl", hash = "sha256:abf3369325761a35aba75cd5c55ba1b5eb17d772f12ab168fbfac54be85cf18c", size = 11428127 },
    { url = "https://files.pythonhosted.org/packages/d7/9a/c5588a93d9bfed29f565baf193fe802fa676a0c837938137ea6cf0576d8c/ruff-0.9.9-py3-none-manylinux_2_17_ppc64.manylinux2014_ppc64.whl", hash = "sha256:3403a53a32a90ce929aa2f758542aca9234befa133e29f4933dcef28a24317be", size = 12133187 },
    { url = "https://files.pythonhosted.org/packages/3e/ff/e7980a7704a60905ed7e156a8d73f604c846d9bd87deda9cabfa6cba073a/ruff-0.9.9-py3-none-manylinux_2_17_ppc64le.manylinux2014_ppc64le.whl", hash = "sha256:18454e7fa4e4d72cffe28a37cf6a73cb2594f81ec9f4eca31a0aaa9ccdfb1590", size = 11602937 },
    { url = "https://files.pythonhosted.org/packages/24/78/3690444ad9e3cab5c11abe56554c35f005b51d1d118b429765249095269f/ruff-0.9.9-py3-none-manylinux_2_17_s390x.manylinux2014_s390x.whl", hash = "sha256:0fadfe2c88724c9617339f62319ed40dcdadadf2888d5afb88bf3adee7b35bfb", size = 13771698 },
    { url = "https://files.pythonhosted.org/packages/6e/bf/e477c2faf86abe3988e0b5fd22a7f3520e820b2ee335131aca2e16120038/ruff-0.9.9-py3-none-manylinux_2_17_x86_64.manylinux2014_x86_64.whl", hash = "sha256:6df104d08c442a1aabcfd254279b8cc1e2cbf41a605aa3e26610ba1ec4acf0b0", size = 11249026 },
    { url = "https://files.pythonhosted.org/packages/f7/82/cdaffd59e5a8cb5b14c408c73d7a555a577cf6645faaf83e52fe99521715/ruff-0.9.9-py3-none-musllinux_1_2_aarch64.whl", hash = "sha256:d7c62939daf5b2a15af48abbd23bea1efdd38c312d6e7c4cedf5a24e03207e17", size = 10220432 },
    { url = "https://files.pythonhosted.org/packages/fe/a4/2507d0026225efa5d4412b6e294dfe54725a78652a5c7e29e6bd0fc492f3/ruff-0.9.9-py3-none-musllinux_1_2_armv7l.whl", hash = "sha256:9494ba82a37a4b81b6a798076e4a3251c13243fc37967e998efe4cce58c8a8d1", size = 9874602 },
    { url = "https://files.pythonhosted.org/packages/d5/be/f3aab1813846b476c4bcffe052d232244979c3cd99d751c17afb530ca8e4/ruff-0.9.9-py3-none-musllinux_1_2_i686.whl", hash = "sha256:4efd7a96ed6d36ef011ae798bf794c5501a514be369296c672dab7921087fa57", size = 10851212 },
    { url = "https://files.pythonhosted.org/packages/8b/45/8e5fd559bea0d2f57c4e12bf197a2fade2fac465aa518284f157dfbca92b/ruff-0.9.9-py3-none-musllinux_1_2_x86_64.whl", hash = "sha256:ab90a7944c5a1296f3ecb08d1cbf8c2da34c7e68114b1271a431a3ad30cb660e", size = 11327490 },
    { url = "https://files.pythonhosted.org/packages/42/55/e6c90f13880aeef327746052907e7e930681f26a164fe130ddac28b08269/ruff-0.9.9-py3-none-win32.whl", hash = "sha256:6b4c376d929c25ecd6d87e182a230fa4377b8e5125a4ff52d506ee8c087153c1", size = 10227912 },
    { url = "https://files.pythonhosted.org/packages/35/b2/da925693cb82a1208aa34966c0f36cb222baca94e729dd22a587bc22d0f3/ruff-0.9.9-py3-none-win_amd64.whl", hash = "sha256:837982ea24091d4c1700ddb2f63b7070e5baec508e43b01de013dc7eff974ff1", size = 11355632 },
    { url = "https://files.pythonhosted.org/packages/31/d8/de873d1c1b020d668d8ec9855d390764cb90cf8f6486c0983da52be8b7b7/ruff-0.9.9-py3-none-win_arm64.whl", hash = "sha256:3ac78f127517209fe6d96ab00f3ba97cafe38718b23b1db3e96d8b2d39e37ddf", size = 10435860 },
]

[[package]]
name = "s3transfer"
version = "0.6.2"
source = { registry = "https://pypi.org/simple" }
dependencies = [
    { name = "botocore" },
]
sdist = { url = "https://files.pythonhosted.org/packages/5a/47/d676353674e651910085e3537866f093d2b9e9699e95e89d960e78df9ecf/s3transfer-0.6.2.tar.gz", hash = "sha256:cab66d3380cca3e70939ef2255d01cd8aece6a4907a9528740f668c4b0611861", size = 132821 }
wheels = [
    { url = "https://files.pythonhosted.org/packages/d9/17/a3b666f5ef9543cfd3c661d39d1e193abb9649d0cfbbfee3cf3b51d5af02/s3transfer-0.6.2-py3-none-any.whl", hash = "sha256:b014be3a8a2aab98cfe1abc7229cc5a9a0cf05eb9c1f2b86b230fd8df3f78084", size = 79765 },
]

[[package]]
name = "six"
version = "1.17.0"
source = { registry = "https://pypi.org/simple" }
sdist = { url = "https://files.pythonhosted.org/packages/94/e7/b2c673351809dca68a0e064b6af791aa332cf192da575fd474ed7d6f16a2/six-1.17.0.tar.gz", hash = "sha256:ff70335d468e7eb6ec65b95b99d3a2836546063f63acc5171de367e834932a81", size = 34031 }
wheels = [
    { url = "https://files.pythonhosted.org/packages/b7/ce/149a00dd41f10bc29e5921b496af8b574d8413afcd5e30dfa0ed46c2cc5e/six-1.17.0-py2.py3-none-any.whl", hash = "sha256:4721f391ed90541fddacab5acf947aa0d3dc7d27b2e1e8eda2be8970586c3274", size = 11050 },
]

[[package]]
name = "typeguard"
version = "2.13.3"
source = { registry = "https://pypi.org/simple" }
sdist = { url = "https://files.pythonhosted.org/packages/3a/38/c61bfcf62a7b572b5e9363a802ff92559cb427ee963048e1442e3aef7490/typeguard-2.13.3.tar.gz", hash = "sha256:00edaa8da3a133674796cf5ea87d9f4b4c367d77476e185e80251cc13dfbb8c4", size = 40604 }
wheels = [
    { url = "https://files.pythonhosted.org/packages/9a/bb/d43e5c75054e53efce310e79d63df0ac3f25e34c926be5dffb7d283fb2a8/typeguard-2.13.3-py3-none-any.whl", hash = "sha256:5e3e3be01e887e7eafae5af63d1f36c849aaa94e3a0112097312aabfa16284f1", size = 17605 },
]

[[package]]
name = "types-awscrt"
version = "0.23.10"
source = { registry = "https://pypi.org/simple" }
sdist = { url = "https://files.pythonhosted.org/packages/a3/53/7c69677327794fe91cc89a1362400b78f00b1a20364384da1e004c259d42/types_awscrt-0.23.10.tar.gz", hash = "sha256:965659260599b421564204b895467684104a2c0311bbacfd3c2423b8b0d3f3e9", size = 15455 }
wheels = [
    { url = "https://files.pythonhosted.org/packages/89/ad/3d7c9a8b972048f3987355e3e48da56eb9f3ed8e151113c3c973b43ad91e/types_awscrt-0.23.10-py3-none-any.whl", hash = "sha256:7391bf502f6093221e68da8fb6a2af7ec67a98d376c58d5b76cc3938f449d121", size = 19426 },
]

[[package]]
name = "types-s3transfer"
version = "0.11.3"
source = { registry = "https://pypi.org/simple" }
sdist = { url = "https://files.pythonhosted.org/packages/d4/1a/6e812e46e6a446fa14a3ad2970948d96322a14b1306d50705cbad87b5ad5/types_s3transfer-0.11.3.tar.gz", hash = "sha256:48b90c1f9950dafd9816d0d1476e3323fbcd3202b74f2908b8a28c58e08e75b9", size = 14057 }
wheels = [
    { url = "https://files.pythonhosted.org/packages/67/ee/19a69caff957a2e3df2d28652f58e5dfef9f7d0d6e0908848a0d0362f611/types_s3transfer-0.11.3-py3-none-any.whl", hash = "sha256:953491bc834b171d4a477130e80aecd87dc27c4ba71b9d339c178deaad3fd517", size = 19487 },
]

[[package]]
name = "typing-extensions"
version = "4.12.2"
source = { registry = "https://pypi.org/simple" }
sdist = { url = "https://files.pythonhosted.org/packages/df/db/f35a00659bc03fec321ba8bce9420de607a1d37f8342eee1863174c69557/typing_extensions-4.12.2.tar.gz", hash = "sha256:1a7ead55c7e559dd4dee8856e3a88b41225abfe1ce8df57b7c13915fe121ffb8", size = 85321 }
wheels = [
    { url = "https://files.pythonhosted.org/packages/26/9f/ad63fc0248c5379346306f8668cda6e2e2e9c95e01216d2b8ffd9ff037d0/typing_extensions-4.12.2-py3-none-any.whl", hash = "sha256:04e5ca0351e0f3f85c6853954072df659d0d13fac324d0072316b67d7794700d", size = 37438 },
]

[[package]]
name = "urllib3"
version = "1.26.20"
source = { registry = "https://pypi.org/simple" }
sdist = { url = "https://files.pythonhosted.org/packages/e4/e8/6ff5e6bc22095cfc59b6ea711b687e2b7ed4bdb373f7eeec370a97d7392f/urllib3-1.26.20.tar.gz", hash = "sha256:40c2dc0c681e47eb8f90e7e27bf6ff7df2e677421fd46756da1161c39ca70d32", size = 307380 }
wheels = [
    { url = "https://files.pythonhosted.org/packages/33/cf/8435d5a7159e2a9c83a95896ed596f68cf798005fe107cc655b5c5c14704/urllib3-1.26.20-py2.py3-none-any.whl", hash = "sha256:0ed14ccfbf1c30a9072c7ca157e4319b70d65f623e91e7b32fadb2853431016e", size = 144225 },
]

[[package]]
name = "virtualenv"
version = "20.29.2"
source = { registry = "https://pypi.org/simple" }
dependencies = [
    { name = "distlib" },
    { name = "filelock" },
    { name = "platformdirs" },
]
sdist = { url = "https://files.pythonhosted.org/packages/f1/88/dacc875dd54a8acadb4bcbfd4e3e86df8be75527116c91d8f9784f5e9cab/virtualenv-20.29.2.tar.gz", hash = "sha256:fdaabebf6d03b5ba83ae0a02cfe96f48a716f4fae556461d180825866f75b728", size = 4320272 }
wheels = [
    { url = "https://files.pythonhosted.org/packages/93/fa/849483d56773ae29740ae70043ad88e068f98a6401aa819b5d6bee604683/virtualenv-20.29.2-py3-none-any.whl", hash = "sha256:febddfc3d1ea571bdb1dc0f98d7b45d24def7428214d4fb73cc486c9568cce6a", size = 4301478 },
]
